
Microsoft Visual Studio Solution File, Format Version 12.00
# Visual Studio Version 17
VisualStudioVersion = 17.14.36414.22 d17.14
MinimumVisualStudioVersion = 10.0.40219.1
Project("{FAE04EC0-301F-11D3-BF4B-00C04F79EFBC}") = "praktik_7.2_fungsi", "praktik_7.2_fungsi\praktik_7.2_fungsi.csproj", "{BD568F22-E5C9-41AB-983F-F8073BBDCA50}"
EndProject
Global
	GlobalSection(SolutionConfigurationPlatforms) = preSolution
		Debug|Any CPU = Debug|Any CPU
		Release|Any CPU = Release|Any CPU
	EndGlobalSection
	GlobalSection(ProjectConfigurationPlatforms) = postSolution
		{BD568F22-E5C9-41AB-983F-F8073BBDCA50}.Debug|Any CPU.ActiveCfg = Debug|Any CPU
		{BD568F22-E5C9-41AB-983F-F8073BBDCA50}.Debug|Any CPU.Build.0 = Debug|Any CPU
		{BD568F22-E5C9-41AB-983F-F8073BBDCA50}.Release|Any CPU.ActiveCfg = Release|Any CPU
		{BD568F22-E5C9-41AB-983F-F8073BBDCA50}.Release|Any CPU.Build.0 = Release|Any CPU
	EndGlobalSection
	GlobalSection(SolutionProperties) = preSolution
		HideSolutionNode = FALSE
	EndGlobalSection
	GlobalSection(ExtensibilityGlobals) = postSolution
		SolutionGuid = {A91171E7-E3FD-40A8-9A70-B9089D08A20B}
	EndGlobalSection
EndGlobal
