
Microsoft Visual Studio Solution File, Format Version 12.00
# Visual Studio Version 17
VisualStudioVersion = 17.14.36414.22 d17.14
MinimumVisualStudioVersion = 10.0.40219.1
Project("{FAE04EC0-301F-11D3-BF4B-00C04F79EFBC}") = "Tugas Fungsi 3", "Tugas Fungsi 3\Tugas Fungsi 3.csproj", "{CC90FE3F-0452-4B5E-9190-C5199ED41BDB}"
EndProject
Global
	GlobalSection(SolutionConfigurationPlatforms) = preSolution
		Debug|Any CPU = Debug|Any CPU
		Release|Any CPU = Release|Any CPU
	EndGlobalSection
	GlobalSection(ProjectConfigurationPlatforms) = postSolution
		{CC90FE3F-0452-4B5E-9190-C5199ED41BDB}.Debug|Any CPU.ActiveCfg = Debug|Any CPU
		{CC90FE3F-0452-4B5E-9190-C5199ED41BDB}.Debug|Any CPU.Build.0 = Debug|Any CPU
		{CC90FE3F-0452-4B5E-9190-C5199ED41BDB}.Release|Any CPU.ActiveCfg = Release|Any CPU
		{CC90FE3F-0452-4B5E-9190-C5199ED41BDB}.Release|Any CPU.Build.0 = Release|Any CPU
	EndGlobalSection
	GlobalSection(SolutionProperties) = preSolution
		HideSolutionNode = FALSE
	EndGlobalSection
	GlobalSection(ExtensibilityGlobals) = postSolution
		SolutionGuid = {E5022A9C-7B7B-4DAE-9CBE-E249D99466D4}
	EndGlobalSection
EndGlobal
